# This file is autogenerated, do not edit; changes may be undone by the next 'dep ensure'.


[[projects]]
  branch = "master"
  digest = "1:94a3f73ea591491c6f30804064aab0ca425b6489155fc4d2665c7a1855155354"
  name = "github.com/fluffle/goirc"
  packages = [
    "client",
    "logging",
    "state",
  ]
  pruneopts = "NUT"
  revision = "08c1bcf17445781669bcecc47159c627962e18f1"

[[projects]]
  branch = "master"
  digest = "1:8a3e27dc019eac00cc5367e2edf6c7de00cee43a72b4f299e19bb8ced428163e"
  name = "github.com/gempir/go-twitch-irc"
  packages = ["."]
  pruneopts = "NUT"
  revision = "dca1cf888322d0b7d195b1fb8ac56a70b48e9301"

[[projects]]
  digest = "1:b60efdeb75d3c0ceed88783ac2495256aba3491a537d0f31401202579fd62a94"
  name = "github.com/golang/mock"
  packages = ["gomock"]
  pruneopts = "NUT"
  revision = "51421b967af1f557f93a59e0057aaf15ca02e29c"
  version = "v1.2.0"

[[projects]]
  branch = "master"
  digest = "1:7d3bc2bb6bc3f4329e86776c00741cb6ad663f0b29cf7621fdaa95e8c8bac8d6"
  name = "github.com/goshuirc/irc-go"
  packages = ["ircmsg"]
  pruneopts = "NUT"
  revision = "ca74bf6a176d2d1dce6f28f99901a2d48d8da2bd"

[[projects]]
  branch = "master"
  digest = "1:2e4a688f46492d53a748d6b785d2bf27293494a367b04bac865aaa443e8e5aea"
  name = "github.com/jakebailey/irc"
  packages = ["."]
  pruneopts = "NUT"
  revision = "8e60d01fee2d502174c070f447851eec87b7728b"

[[projects]]
  branch = "master"
  digest = "1:1a04978edc5fc2f6bb7cd6966bcdfc96dd25651b1e4577833b4ca90e3094574e"
  name = "github.com/jakebailey/ircold"
  packages = ["."]
  pruneopts = "NUT"
  revision = "db9109bed3c4ef4959094e315db3d22c3a83b300"

[[projects]]
  branch = "update-to-go1.10"
  digest = "1:0c325b342d920eae4f5c9d99c71dd0cb5879eb74e7813bb66dc7a2df142ffe20"
  name = "github.com/linux4life798/go-forceexport"
  packages = ["."]
  pruneopts = "NUT"
  revision = "37ebe5b408f3c0e25d88a4b7980d633b88cb84a0"

[[projects]]
  branch = "ircv3.2-tags"
  digest = "1:29c4d33ba4645444020d152352ea89a1043930ee33e79d3c0eb7d68524578f96"
  name = "github.com/sorcix/irc"
  packages = ["."]
  pruneopts = "NUT"
  revision = "dc5092faa261969739c3dae94e358cb72db85a64"

[[projects]]
  branch = "master"
  digest = "1:5dd02ec37f25cca3a4ea07debba0916bd0233c22487da9e9bb61a02071c76a74"
  name = "github.com/thoj/go-ircevent"
  packages = ["."]
  pruneopts = "NUT"
  revision = "dc1855cb439cb8512fb7855d3293b785be25b850"

[[projects]]
  branch = "master"
  digest = "1:0a004b4ff5794b399b3556e68f0c436a57d5f7e437e740bb16c0b521ceb23fd7"
  name = "golang.org/x/net"
  packages = [
    "internal/socks",
    "proxy",
  ]
  pruneopts = "NUT"
  revision = "9f648a60d9775ef5c977e7669d1673a7a67bef33"

[solve-meta]
  analyzer-name = "dep"
  analyzer-version = 1
  input-imports = [
    "github.com/fluffle/goirc/client",
    "github.com/gempir/go-twitch-irc",
    "github.com/goshuirc/irc-go/ircmsg",
    "github.com/jakebailey/irc",
    "github.com/jakebailey/ircold",
    "github.com/linux4life798/go-forceexport",
    "github.com/sorcix/irc",
    "github.com/thoj/go-ircevent",
  ]
  solver-name = "gps-cdcl"
  solver-version = 1
