# This file is autogenerated, do not edit; changes may be undone by the next 'dep ensure'.


[[projects]]
  branch = "master"
  digest = "1:94a3f73ea591491c6f30804064aab0ca425b6489155fc4d2665c7a1855155354"
  name = "github.com/fluffle/goirc"
  packages = [
    "client",
    "logging",
    "state",
  ]
  pruneopts = "NUT"
  revision = "08c1bcf17445781669bcecc47159c627962e18f1"

[[projects]]
  digest = "1:bc38c7c481812e178d85160472e231c5e1c9a7f5845d67e23ee4e706933c10d8"
  name = "github.com/golang/mock"
  packages = ["gomock"]
  pruneopts = "NUT"
  revision = "c34cdb4725f4c3844d095133c6e40e448b86589b"
  version = "v1.1.1"

[[projects]]
  branch = "master"
  digest = "1:b69dcb607b4cd00b329533b49f922e6fe8a0fea17795b1b4f623534bc5001627"
  name = "github.com/jakebailey/irc"
  packages = ["."]
  pruneopts = "NUT"
  revision = "07966766dc51fcd7748308daa1478ddb855a3e5c"

[[projects]]
  branch = "master"
  digest = "1:1a04978edc5fc2f6bb7cd6966bcdfc96dd25651b1e4577833b4ca90e3094574e"
  name = "github.com/jakebailey/ircold"
  packages = ["."]
  pruneopts = "NUT"
  revision = "db9109bed3c4ef4959094e315db3d22c3a83b300"

[[projects]]
  branch = "update-to-go1.10"
  digest = "1:0c325b342d920eae4f5c9d99c71dd0cb5879eb74e7813bb66dc7a2df142ffe20"
  name = "github.com/linux4life798/go-forceexport"
  packages = ["."]
  pruneopts = "NUT"
  revision = "37ebe5b408f3c0e25d88a4b7980d633b88cb84a0"

[[projects]]
  branch = "ircv3.2-tags"
  digest = "1:29c4d33ba4645444020d152352ea89a1043930ee33e79d3c0eb7d68524578f96"
  name = "github.com/sorcix/irc"
  packages = ["."]
  pruneopts = "NUT"
  revision = "dc5092faa261969739c3dae94e358cb72db85a64"

[[projects]]
  branch = "master"
  digest = "1:5259cf7d461fd75cde5e2b45a7bc8c4f7f9dae284f5aeac6b20141a3833b641a"
  name = "github.com/thoj/go-ircevent"
  packages = ["."]
  pruneopts = "NUT"
  revision = "14f3614f28c3fea160ea49194ff662c2cd2f8280"

[[projects]]
  branch = "master"
  digest = "1:7be36f3dbb6f35e6605ae69026335061089b4e9f078ecd481d546fe4564eeb17"
  name = "golang.org/x/net"
  packages = [
    "context",
    "internal/socks",
    "proxy",
  ]
  pruneopts = "NUT"
  revision = "f5e5bdd778241bfefa8627f7124c39cd6ad8d74f"

[solve-meta]
  analyzer-name = "dep"
  analyzer-version = 1
  input-imports = [
    "github.com/fluffle/goirc/client",
    "github.com/jakebailey/irc",
    "github.com/jakebailey/ircold",
    "github.com/linux4life798/go-forceexport",
    "github.com/sorcix/irc",
    "github.com/thoj/go-ircevent",
  ]
  solver-name = "gps-cdcl"
  solver-version = 1
